
Microsoft Visual Studio Solution File, Format Version 12.00
# Visual Studio Version 17
VisualStudioVersion = 17.8.34511.84
MinimumVisualStudioVersion = 10.0.40219.1
Project("{FAE04EC0-301F-11D3-BF4B-00C04F79EFBC}") = "Proveeduria", "Proveeduria\Proveeduria.csproj", "{CE71AC67-9023-48B2-B4EC-9DBC72D2806B}"
EndProject
Global
	GlobalSection(SolutionConfigurationPlatforms) = preSolution
		Debug|Any CPU = Debug|Any CPU
		Release|Any CPU = Release|Any CPU
	EndGlobalSection
	GlobalSection(ProjectConfigurationPlatforms) = postSolution
		{CE71AC67-9023-48B2-B4EC-9DBC72D2806B}.Debug|Any CPU.ActiveCfg = Debug|Any CPU
		{CE71AC67-9023-48B2-B4EC-9DBC72D2806B}.Debug|Any CPU.Build.0 = Debug|Any CPU
		{CE71AC67-9023-48B2-B4EC-9DBC72D2806B}.Release|Any CPU.ActiveCfg = Release|Any CPU
		{CE71AC67-9023-48B2-B4EC-9DBC72D2806B}.Release|Any CPU.Build.0 = Release|Any CPU
	EndGlobalSection
	GlobalSection(SolutionProperties) = preSolution
		HideSolutionNode = FALSE
	EndGlobalSection
	GlobalSection(ExtensibilityGlobals) = postSolution
		SolutionGuid = {6490F9A9-ACCD-4D17-B84E-DF9B7FCCC1A9}
	EndGlobalSection
EndGlobal
